# THIS IS AN AUTOGENERATED FILE. DO NOT EDIT THIS FILE DIRECTLY.
# yarn lockfile v1


dotenv@^16.1.4:
  version "16.1.4"
  resolved "https://registry.yarnpkg.com/dotenv/-/dotenv-16.1.4.tgz#67ac1a10cd9c25f5ba604e4e08bc77c0ebe0ca8c"
  integrity sha512-m55RtE8AsPeJBpOIFKihEmqUcoVncQIwo7x9U8ZwLEZw9ZpXboz2c+rvog+jUaJvVrZ5kBOeYQBX5+8Aa/OZQw==

import-meta-resolve@^2.1.0:
  version "2.2.2"
  resolved "https://registry.yarnpkg.com/import-meta-resolve/-/import-meta-resolve-2.2.2.tgz#75237301e72d1f0fbd74dbc6cca9324b164c2cc9"
  integrity sha512-f8KcQ1D80V7RnqVm+/lirO9zkOxjGxhaTC1IPrBGd3MEfNgmNG67tSUO9gTi2F3Blr2Az6g1vocaxzkVnWl9MA==

nbb@^1.2.174:
  version "1.2.174"
  resolved "https://registry.yarnpkg.com/nbb/-/nbb-1.2.174.tgz#779a044213a1d168b3800e93e7e93748931e709b"
  integrity sha512-Yw/hBgV4SHOxqrElHip+/7zKwtnxsgPqsOWgCRluMcoL0B1yB+bYx67yWH64E64REIk8u12D7LVwXGg9R/0b7g==
  dependencies:
    import-meta-resolve "^2.1.0"
